// !$*UTF8*$!
{
	archiveVersion = 1;
	classes = {
	};
	objectVersion = 50;
	objects = {

/* Begin PBXBuildFile section */
		DD8440DE24DC600100D7C379 /* AppDelegate.swift in Sources */ = {isa = PBXBuildFile; fileRef = DD8440DD24DC600100D7C379 /* AppDelegate.swift */; };
		DD8440E024DC600100D7C379 /* SceneDelegate.swift in Sources */ = {isa = PBXBuildFile; fileRef = DD8440DF24DC600100D7C379 /* SceneDelegate.swift */; };
		DD8440E224DC600100D7C379 /* ViewController.swift in Sources */ = {isa = PBXBuildFile; fileRef = DD8440E124DC600100D7C379 /* ViewController.swift */; };
		DD8440E524DC600100D7C379 /* Main.storyboard in Resources */ = {isa = PBXBuildFile; fileRef = DD8440E324DC600100D7C379 /* Main.storyboard */; };
		DD8440E724DC600200D7C379 /* Assets.xcassets in Resources */ = {isa = PBXBuildFile; fileRef = DD8440E624DC600200D7C379 /* Assets.xcassets */; };
		DD8440EA24DC600200D7C379 /* LaunchScreen.storyboard in Resources */ = {isa = PBXBuildFile; fileRef = DD8440E824DC600200D7C379 /* LaunchScreen.storyboard */; };
/* End PBXBuildFile section */

/* Begin PBXFileReference section */
		DD8440DA24DC600100D7C379 /* GraphicInterfaceDesignUIKit.app */ = {isa = PBXFileReference; explicitFileType = wrapper.application; includeInIndex = 0; path = GraphicInterfaceDesignUIKit.app; sourceTree = BUILT_PRODUCTS_DIR; };
		DD8440DD24DC600100D7C379 /* AppDelegate.swift */ = {isa = PBXFileReference; lastKnownFileType = sourcecode.swift; path = AppDelegate.swift; sourceTree = "<group>"; };
		DD8440DF24DC600100D7C379 /* SceneDelegate.swift */ = {isa = PBXFileReference; lastKnownFileType = sourcecode.swift; path = SceneDelegate.swift; sourceTree = "<group>"; };
		DD8440E124DC600100D7C379 /* ViewController.swift */ = {isa = PBXFileReference; lastKnownFileType = sourcecode.swift; path = ViewController.swift; sourceTree = "<group>"; };
		DD8440E424DC600100D7C379 /* Base */ = {isa = PBXFileReference; lastKnownFileType = file.storyboard; name = Base; path = Base.lproj/Main.storyboard; sourceTree = "<group>"; };
		DD8440E624DC600200D7C379 /* Assets.xcassets */ = {isa = PBXFileReference; lastKnownFileType = folder.assetcatalog; path = Assets.xcassets; sourceTree = "<group>"; };
		DD8440E924DC600200D7C379 /* Base */ = {isa = PBXFileReference; lastKnownFileType = file.storyboard; name = Base; path = Base.lproj/LaunchScreen.storyboard; sourceTree = "<group>"; };
		DD8440EB24DC600200D7C379 /* Info.plist */ = {isa = PBXFileReference; lastKnownFileType = text.plist.xml; path = Info.plist; sourceTree = "<group>"; };
/* End PBXFileReference section */

/* Begin PBXFrameworksBuildPhase section */
		DD8440D724DC600100D7C379 /* Frameworks */ = {
			isa = PBXFrameworksBuildPhase;
			buildActionMask = 2147483647;
			files = (
			);
			runOnlyForDeploymentPostprocessing = 0;
		};
/* End PBXFrameworksBuildPhase section */

/* Begin PBXGroup section */
		DD8440D124DC600100D7C379 = {
			isa = PBXGroup;
			children = (
				DD8440DC24DC600100D7C379 /* GraphicInterfaceDesignUIKit */,
				DD8440DB24DC600100D7C379 /* Products */,
			);
			sourceTree = "<group>";
		};
		DD8440DB24DC600100D7C379 /* Products */ = {
			isa = PBXGroup;
			children = (
				DD8440DA24DC600100D7C379 /* GraphicInterfaceDesignUIKit.app */,
			);
			name = Products;
			sourceTree = "<group>";
		};
		DD8440DC24DC600100D7C379 /* GraphicInterfaceDesignUIKit */ = {
			isa = PBXGroup;
			children = (
				DD8440DD24DC600100D7C379 /* AppDelegate.swift */,
				DD8440DF24DC600100D7C379 /* SceneDelegate.swift */,
				DD8440E124DC600100D7C379 /* ViewController.swift */,
				DD8440E324DC600100D7C379 /* Main.storyboard */,
				DD8440E624DC600200D7C379 /* Assets.xcassets */,
				DD8440E824DC600200D7C379 /* LaunchScreen.storyboard */,
				DD8440EB24DC600200D7C379 /* Info.plist */,
			);
			path = GraphicInterfaceDesignUIKit;
			sourceTree = "<group>";
		};
/* End PBXGroup section */

/* Begin PBXNativeTarget section */
		DD8440D924DC600100D7C379 /* GraphicInterfaceDesignUIKit */ = {
			isa = PBXNativeTarget;
			buildConfigurationList = DD8440EE24DC600200D7C379 /* Build configuration list for PBXNativeTarget "GraphicInterfaceDesignUIKit" */;
			buildPhases = (
				DD8440D624DC600100D7C379 /* Sources */,
				DD8440D724DC600100D7C379 /* Frameworks */,
				DD8440D824DC600100D7C379 /* Resources */,
			);
			buildRules = (
			);
			dependencies = (
			);
			name = GraphicInterfaceDesignUIKit;
			productName = GraphicInterfaceDesignUIKit;
			productReference = DD8440DA24DC600100D7C379 /* GraphicInterfaceDesignUIKit.app */;
			productType = "com.apple.product-type.application";
		};
/* End PBXNativeTarget section */

/* Begin PBXProject section */
		DD8440D224DC600100D7C379 /* Project object */ = {
			isa = PBXProject;
			attributes = {
				LastSwiftUpdateCheck = 1130;
				LastUpgradeCheck = 1130;
				ORGANIZATIONNAME = irr;
				TargetAttributes = {
					DD8440D924DC600100D7C379 = {
						CreatedOnToolsVersion = 11.3.1;
					};
				};
			};
			buildConfigurationList = DD8440D524DC600100D7C379 /* Build configuration list for PBXProject "GraphicInterfaceDesignUIKit" */;
			compatibilityVersion = "Xcode 9.3";
			developmentRegion = en;
			hasScannedForEncodings = 0;
			knownRegions = (
				en,
				Base,
			);
			mainGroup = DD8440D124DC600100D7C379;
			productRefGroup = DD8440DB24DC600100D7C379 /* Products */;
			projectDirPath = "";
			projectRoot = "";
			targets = (
				DD8440D924DC600100D7C379 /* GraphicInterfaceDesignUIKit */,
			);
		};
/* End PBXProject section */

/* Begin PBXResourcesBuildPhase section */
		DD8440D824DC600100D7C379 /* Resources */ = {
			isa = PBXResourcesBuildPhase;
			buildActionMask = 2147483647;
			files = (
				DD8440EA24DC600200D7C379 /* LaunchScreen.storyboard in Resources */,
				DD8440E724DC600200D7C379 /* Assets.xcassets in Resources */,
				DD8440E524DC600100D7C379 /* Main.storyboard in Resources */,
			);
			runOnlyForDeploymentPostprocessing = 0;
		};
/* End PBXResourcesBuildPhase section */

/* Begin PBXSourcesBuildPhase section */
		DD8440D624DC600100D7C379 /* Sources */ = {
			isa = PBXSourcesBuildPhase;
			buildActionMask = 2147483647;
			files = (
				DD8440E224DC600100D7C379 /* ViewController.swift in Sources */,
				DD8440DE24DC600100D7C379 /* AppDelegate.swift in Sources */,
				DD8440E024DC600100D7C379 /* SceneDelegate.swift in Sources */,
			);
			runOnlyForDeploymentPostprocessing = 0;
		};
/* End PBXSourcesBuildPhase section */

/* Begin PBXVariantGroup section */
		DD8440E324DC600100D7C379 /* Main.storyboard */ = {
			isa = PBXVariantGroup;
			children = (
				DD8440E424DC600100D7C379 /* Base */,
			);
			name = Main.storyboard;
			sourceTree = "<group>";
		};
		DD8440E824DC600200D7C379 /* LaunchScreen.storyboard */ = {
			isa = PBXVariantGroup;
			children = (
				DD8440E924DC600200D7C379 /* Base */,
			);
			name = LaunchScreen.storyboard;
			sourceTree = "<group>";
		};
/* End PBXVariantGroup section */

/* Begin XCBuildConfiguration section */
		DD8440EC24DC600200D7C379 /* Debug */ = {
			isa = XCBuildConfiguration;
			buildSettings = {
				ALWAYS_SEARCH_USER_PATHS = NO;
				CLANG_ANALYZER_NONNULL = YES;
				CLANG_ANALYZER_NUMBER_OBJECT_CONVERSION = YES_AGGRESSIVE;
				CLANG_CXX_LANGUAGE_STANDARD = "gnu++14";
				CLANG_CXX_LIBRARY = "libc++";
				CLANG_ENABLE_MODULES = YES;
				CLANG_ENABLE_OBJC_ARC = YES;
				CLANG_ENABLE_OBJC_WEAK = YES;
				CLANG_WARN_BLOCK_CAPTURE_AUTORELEASING = YES;
				CLANG_WARN_BOOL_CONVERSION = YES;
				CLANG_WARN_COMMA = YES;
				CLANG_WARN_CONSTANT_CONVERSION = YES;
				CLANG_WARN_DEPRECATED_OBJC_IMPLEMENTATIONS = YES;
				CLANG_WARN_DIRECT_OBJC_ISA_USAGE = YES_ERROR;
				CLANG_WARN_DOCUMENTATION_COMMENTS = YES;
				CLANG_WARN_EMPTY_BODY = YES;
				CLANG_WARN_ENUM_CONVERSION = YES;
				CLANG_WARN_INFINITE_RECURSION = YES;
				CLANG_WARN_INT_CONVERSION = YES;
				CLANG_WARN_NON_LITERAL_NULL_CONVERSION = YES;
				CLANG_WARN_OBJC_IMPLICIT_RETAIN_SELF = YES;
				CLANG_WARN_OBJC_LITERAL_CONVERSION = YES;
				CLANG_WARN_OBJC_ROOT_CLASS = YES_ERROR;
				CLANG_WARN_RANGE_LOOP_ANALYSIS = YES;
				CLANG_WARN_STRICT_PROTOTYPES = YES;
				CLANG_WARN_SUSPICIOUS_MOVE = YES;
				CLANG_WARN_UNGUARDED_AVAILABILITY = YES_AGGRESSIVE;
				CLANG_WARN_UNREACHABLE_CODE = YES;
				CLANG_WARN__DUPLICATE_METHOD_MATCH = YES;
				COPY_PHASE_STRIP = NO;
				DEBUG_INFORMATION_FORMAT = dwarf;
				ENABLE_STRICT_OBJC_MSGSEND = YES;
				ENABLE_TESTABILITY = YES;
				GCC_C_LANGUAGE_STANDARD = gnu11;
				GCC_DYNAMIC_NO_PIC = NO;
				GCC_NO_COMMON_BLOCKS = YES;
				GCC_OPTIMIZATION_LEVEL = 0;
				GCC_PREPROCESSOR_DEFINITIONS = (
					"DEBUG=1",
					"$(inherited)",
				);
				GCC_WARN_64_TO_32_BIT_CONVERSION = YES;
				GCC_WARN_ABOUT_RETURN_TYPE = YES_ERROR;
				GCC_WARN_UNDECLARED_SELECTOR = YES;
				GCC_WARN_UNINITIALIZED_AUTOS = YES_AGGRESSIVE;
				GCC_WARN_UNUSED_FUNCTION = YES;
				GCC_WARN_UNUSED_VARIABLE = YES;
				IPHONEOS_DEPLOYMENT_TARGET = 13.2;
				MTL_ENABLE_DEBUG_INFO = INCLUDE_SOURCE;
				MTL_FAST_MATH = YES;
				ONLY_ACTIVE_ARCH = YES;
				SDKROOT = iphoneos;
				SWIFT_ACTIVE_COMPILATION_CONDITIONS = DEBUG;
				SWIFT_OPTIMIZATION_LEVEL = "-Onone";
			};
			name = Debug;
		};
		DD8440ED24DC600200D7C379 /* Release */ = {
			isa = XCBuildConfiguration;
			buildSettings = {
				ALWAYS_SEARCH_USER_PATHS = NO;
				CLANG_ANALYZER_NONNULL = YES;
				CLANG_ANALYZER_NUMBER_OBJECT_CONVERSION = YES_AGGRESSIVE;
				CLANG_CXX_LANGUAGE_STANDARD = "gnu++14";
				CLANG_CXX_LIBRARY = "libc++";
				CLANG_ENABLE_MODULES = YES;
				CLANG_ENABLE_OBJC_ARC = YES;
				CLANG_ENABLE_OBJC_WEAK = YES;
				CLANG_WARN_BLOCK_CAPTURE_AUTORELEASING = YES;
				CLANG_WARN_BOOL_CONVERSION = YES;
				CLANG_WARN_COMMA = YES;
				CLANG_WARN_CONSTANT_CONVERSION = YES;
				CLANG_WARN_DEPRECATED_OBJC_IMPLEMENTATIONS = YES;
				CLANG_WARN_DIRECT_OBJC_ISA_USAGE = YES_ERROR;
				CLANG_WARN_DOCUMENTATION_COMMENTS = YES;
				CLANG_WARN_EMPTY_BODY = YES;
				CLANG_WARN_ENUM_CONVERSION = YES;
				CLANG_WARN_INFINITE_RECURSION = YES;
				CLANG_WARN_INT_CONVERSION = YES;
				CLANG_WARN_NON_LITERAL_NULL_CONVERSION = YES;
				CLANG_WARN_OBJC_IMPLICIT_RETAIN_SELF = YES;
				CLANG_WARN_OBJC_LITERAL_CONVERSION = YES;
				CLANG_WARN_OBJC_ROOT_CLASS = YES_ERROR;
				CLANG_WARN_RANGE_LOOP_ANALYSIS = YES;
				CLANG_WARN_STRICT_PROTOTYPES = YES;
				CLANG_WARN_SUSPICIOUS_MOVE = YES;
				CLANG_WARN_UNGUARDED_AVAILABILITY = YES_AGGRESSIVE;
				CLANG_WARN_UNREACHABLE_CODE = YES;
				CLANG_WARN__DUPLICATE_METHOD_MATCH = YES;
				COPY_PHASE_STRIP = NO;
				DEBUG_INFORMATION_FORMAT = "dwarf-with-dsym";
				ENABLE_NS_ASSERTIONS = NO;
				ENABLE_STRICT_OBJC_MSGSEND = YES;
				GCC_C_LANGUAGE_STANDARD = gnu11;
				GCC_NO_COMMON_BLOCKS = YES;
				GCC_WARN_64_TO_32_BIT_CONVERSION = YES;
				GCC_WARN_ABOUT_RETURN_TYPE = YES_ERROR;
				GCC_WARN_UNDECLARED_SELECTOR = YES;
				GCC_WARN_UNINITIALIZED_AUTOS = YES_AGGRESSIVE;
				GCC_WARN_UNUSED_FUNCTION = YES;
				GCC_WARN_UNUSED_VARIABLE = YES;
				IPHONEOS_DEPLOYMENT_TARGET = 13.2;
				MTL_ENABLE_DEBUG_INFO = NO;
				MTL_FAST_MATH = YES;
				SDKROOT = iphoneos;
				SWIFT_COMPILATION_MODE = wholemodule;
				SWIFT_OPTIMIZATION_LEVEL = "-O";
				VALIDATE_PRODUCT = YES;
			};
			name = Release;
		};
		DD8440EF24DC600200D7C379 /* Debug */ = {
			isa = XCBuildConfiguration;
			buildSettings = {
				ASSETCATALOG_COMPILER_APPICON_NAME = AppIcon;
				CODE_SIGN_STYLE = Automatic;
				INFOPLIST_FILE = GraphicInterfaceDesignUIKit/Info.plist;
				LD_RUNPATH_SEARCH_PATHS = (
					"$(inherited)",
					"@executable_path/Frameworks",
				);
				PRODUCT_BUNDLE_IDENTIFIER = irr.GraphicInterfaceDesignUIKit;
				PRODUCT_NAME = "$(TARGET_NAME)";
				SWIFT_VERSION = 5.0;
				TARGETED_DEVICE_FAMILY = "1,2";
			};
			name = Debug;
		};
		DD8440F024DC600200D7C379 /* Release */ = {
			isa = XCBuildConfiguration;
			buildSettings = {
				ASSETCATALOG_COMPILER_APPICON_NAME = AppIcon;
				CODE_SIGN_STYLE = Automatic;
				INFOPLIST_FILE = GraphicInterfaceDesignUIKit/Info.plist;
				LD_RUNPATH_SEARCH_PATHS = (
					"$(inherited)",
					"@executable_path/Frameworks",
				);
				PRODUCT_BUNDLE_IDENTIFIER = irr.GraphicInterfaceDesignUIKit;
				PRODUCT_NAME = "$(TARGET_NAME)";
				SWIFT_VERSION = 5.0;
				TARGETED_DEVICE_FAMILY = "1,2";
			};
			name = Release;
		};
/* End XCBuildConfiguration section */

/* Begin XCConfigurationList section */
		DD8440D524DC600100D7C379 /* Build configuration list for PBXProject "GraphicInterfaceDesignUIKit" */ = {
			isa = XCConfigurationList;
			buildConfigurations = (
				DD8440EC24DC600200D7C379 /* Debug */,
				DD8440ED24DC600200D7C379 /* Release */,
			);
			defaultConfigurationIsVisible = 0;
			defaultConfigurationName = Release;
		};
		DD8440EE24DC600200D7C379 /* Build configuration list for PBXNativeTarget "GraphicInterfaceDesignUIKit" */ = {
			isa = XCConfigurationList;
			buildConfigurations = (
				DD8440EF24DC600200D7C379 /* Debug */,
				DD8440F024DC600200D7C379 /* Release */,
			);
			defaultConfigurationIsVisible = 0;
			defaultConfigurationName = Release;
		};
/* End XCConfigurationList section */
	};
	rootObject = DD8440D224DC600100D7C379 /* Project object */;
}
